
Microsoft Visual Studio Solution File, Format Version 12.00
# Visual Studio Version 17
VisualStudioVersion = 17.2.32516.85
MinimumVisualStudioVersion = 10.0.40219.1
Project("{FAE04EC0-301F-11D3-BF4B-00C04F79EFBC}") = "HelloWorld", "HelloWorld\HelloWorld.csproj", "{3D917A02-381F-4B1F-B6D3-1A441E206665}"
EndProject
Global
	GlobalSection(SolutionConfigurationPlatforms) = preSolution
		Debug|Any CPU = Debug|Any CPU
		Release|Any CPU = Release|Any CPU
	EndGlobalSection
	GlobalSection(ProjectConfigurationPlatforms) = postSolution
		{3D917A02-381F-4B1F-B6D3-1A441E206665}.Debug|Any CPU.ActiveCfg = Debug|Any CPU
		{3D917A02-381F-4B1F-B6D3-1A441E206665}.Debug|Any CPU.Build.0 = Debug|Any CPU
		{3D917A02-381F-4B1F-B6D3-1A441E206665}.Release|Any CPU.ActiveCfg = Release|Any CPU
		{3D917A02-381F-4B1F-B6D3-1A441E206665}.Release|Any CPU.Build.0 = Release|Any CPU
	EndGlobalSection
	GlobalSection(SolutionProperties) = preSolution
		HideSolutionNode = FALSE
	EndGlobalSection
	GlobalSection(ExtensibilityGlobals) = postSolution
		SolutionGuid = {16BFA9B1-52E9-49C2-B6AF-E706E820F874}
	EndGlobalSection
EndGlobal
